
Microsoft Visual Studio Solution File, Format Version 12.00
# Visual Studio Version 17
VisualStudioVersion = 17.3.32819.101
MinimumVisualStudioVersion = 10.0.40219.1
Project("{8BC9CEB8-8B4A-11D0-8D11-00A0C91BC942}") = "MultiFilePrj", "MultiFilePrj\MultiFilePrj.vcxproj", "{717B83EE-3C5C-4BD8-9363-80AFF6008CAE}"
EndProject
Global
	GlobalSection(SolutionConfigurationPlatforms) = preSolution
		Debug|x64 = Debug|x64
		Debug|x86 = Debug|x86
		Release|x64 = Release|x64
		Release|x86 = Release|x86
	EndGlobalSection
	GlobalSection(ProjectConfigurationPlatforms) = postSolution
		{717B83EE-3C5C-4BD8-9363-80AFF6008CAE}.Debug|x64.ActiveCfg = Debug|x64
		{717B83EE-3C5C-4BD8-9363-80AFF6008CAE}.Debug|x64.Build.0 = Debug|x64
		{717B83EE-3C5C-4BD8-9363-80AFF6008CAE}.Debug|x86.ActiveCfg = Debug|Win32
		{717B83EE-3C5C-4BD8-9363-80AFF6008CAE}.Debug|x86.Build.0 = Debug|Win32
		{717B83EE-3C5C-4BD8-9363-80AFF6008CAE}.Release|x64.ActiveCfg = Release|x64
		{717B83EE-3C5C-4BD8-9363-80AFF6008CAE}.Release|x64.Build.0 = Release|x64
		{717B83EE-3C5C-4BD8-9363-80AFF6008CAE}.Release|x86.ActiveCfg = Release|Win32
		{717B83EE-3C5C-4BD8-9363-80AFF6008CAE}.Release|x86.Build.0 = Release|Win32
	EndGlobalSection
	GlobalSection(SolutionProperties) = preSolution
		HideSolutionNode = FALSE
	EndGlobalSection
	GlobalSection(ExtensibilityGlobals) = postSolution
		SolutionGuid = {7B61B5DA-6340-4554-886B-116C8F34CF22}
	EndGlobalSection
EndGlobal
