
Microsoft Visual Studio Solution File, Format Version 12.00
# Visual Studio Version 17
VisualStudioVersion = 17.3.32819.101
MinimumVisualStudioVersion = 10.0.40219.1
Project("{8BC9CEB8-8B4A-11D0-8D11-00A0C91BC942}") = "ConsoleApplication1", "ConsoleApplication1\ConsoleApplication1.vcxproj", "{B116AE15-77D7-4DF9-B865-7F580586CE4D}"
EndProject
Global
	GlobalSection(SolutionConfigurationPlatforms) = preSolution
		Debug|x64 = Debug|x64
		Debug|x86 = Debug|x86
		Release|x64 = Release|x64
		Release|x86 = Release|x86
	EndGlobalSection
	GlobalSection(ProjectConfigurationPlatforms) = postSolution
		{B116AE15-77D7-4DF9-B865-7F580586CE4D}.Debug|x64.ActiveCfg = Debug|x64
		{B116AE15-77D7-4DF9-B865-7F580586CE4D}.Debug|x64.Build.0 = Debug|x64
		{B116AE15-77D7-4DF9-B865-7F580586CE4D}.Debug|x86.ActiveCfg = Debug|Win32
		{B116AE15-77D7-4DF9-B865-7F580586CE4D}.Debug|x86.Build.0 = Debug|Win32
		{B116AE15-77D7-4DF9-B865-7F580586CE4D}.Release|x64.ActiveCfg = Release|x64
		{B116AE15-77D7-4DF9-B865-7F580586CE4D}.Release|x64.Build.0 = Release|x64
		{B116AE15-77D7-4DF9-B865-7F580586CE4D}.Release|x86.ActiveCfg = Release|Win32
		{B116AE15-77D7-4DF9-B865-7F580586CE4D}.Release|x86.Build.0 = Release|Win32
	EndGlobalSection
	GlobalSection(SolutionProperties) = preSolution
		HideSolutionNode = FALSE
	EndGlobalSection
	GlobalSection(ExtensibilityGlobals) = postSolution
		SolutionGuid = {AFDCFCD8-62B8-4E34-A96A-69273098D2CA}
	EndGlobalSection
EndGlobal
